// !$*UTF8*$!
{
	archiveVersion = 1;
	classes = {
	};
	objectVersion = 51;
	objects = {

/* Begin PBXBuildFile section */
		E79BBAD5245FEB9600C7EA5F /* AppDelegate.swift in Sources */ = {isa = PBXBuildFile; fileRef = E79BBAD4245FEB9600C7EA5F /* AppDelegate.swift */; };
		E79BBAD7245FEB9600C7EA5F /* SceneDelegate.swift in Sources */ = {isa = PBXBuildFile; fileRef = E79BBAD6245FEB9600C7EA5F /* SceneDelegate.swift */; };
		E79BBAD9245FEB9600C7EA5F /* ViewController.swift in Sources */ = {isa = PBXBuildFile; fileRef = E79BBAD8245FEB9600C7EA5F /* ViewController.swift */; };
		E79BBADC245FEB9600C7EA5F /* Main.storyboard in Resources */ = {isa = PBXBuildFile; fileRef = E79BBADA245FEB9600C7EA5F /* Main.storyboard */; };
		E79BBADE245FEB9C00C7EA5F /* Assets.xcassets in Resources */ = {isa = PBXBuildFile; fileRef = E79BBADD245FEB9C00C7EA5F /* Assets.xcassets */; };
		E79BBAE1245FEB9C00C7EA5F /* LaunchScreen.storyboard in Resources */ = {isa = PBXBuildFile; fileRef = E79BBADF245FEB9C00C7EA5F /* LaunchScreen.storyboard */; };
		E79BBAE9245FEF4300C7EA5F /* InputViewController.swift in Sources */ = {isa = PBXBuildFile; fileRef = E79BBAE8245FEF4300C7EA5F /* InputViewController.swift */; };
		E79BBAEB2468208800C7EA5F /* Task.swift in Sources */ = {isa = PBXBuildFile; fileRef = E79BBAEA2468208800C7EA5F /* Task.swift */; };
		FBFC931D6F7EFFD74548F2F6 /* Pods_taskapp.framework in Frameworks */ = {isa = PBXBuildFile; fileRef = CF51E431F14456EF5ACCFB79 /* Pods_taskapp.framework */; };
/* End PBXBuildFile section */

/* Begin PBXFileReference section */
		49EC252F7D0EA2AF4ED9B0A1 /* Pods-taskapp.release.xcconfig */ = {isa = PBXFileReference; includeInIndex = 1; lastKnownFileType = text.xcconfig; name = "Pods-taskapp.release.xcconfig"; path = "Target Support Files/Pods-taskapp/Pods-taskapp.release.xcconfig"; sourceTree = "<group>"; };
		CF51E431F14456EF5ACCFB79 /* Pods_taskapp.framework */ = {isa = PBXFileReference; explicitFileType = wrapper.framework; includeInIndex = 0; path = Pods_taskapp.framework; sourceTree = BUILT_PRODUCTS_DIR; };
		D4EE54A04A6F9A87DC0E2CEE /* Pods-taskapp.debug.xcconfig */ = {isa = PBXFileReference; includeInIndex = 1; lastKnownFileType = text.xcconfig; name = "Pods-taskapp.debug.xcconfig"; path = "Target Support Files/Pods-taskapp/Pods-taskapp.debug.xcconfig"; sourceTree = "<group>"; };
		E79BBAD1245FEB9600C7EA5F /* taskapp.app */ = {isa = PBXFileReference; explicitFileType = wrapper.application; includeInIndex = 0; path = taskapp.app; sourceTree = BUILT_PRODUCTS_DIR; };
		E79BBAD4245FEB9600C7EA5F /* AppDelegate.swift */ = {isa = PBXFileReference; lastKnownFileType = sourcecode.swift; path = AppDelegate.swift; sourceTree = "<group>"; };
		E79BBAD6245FEB9600C7EA5F /* SceneDelegate.swift */ = {isa = PBXFileReference; lastKnownFileType = sourcecode.swift; path = SceneDelegate.swift; sourceTree = "<group>"; };
		E79BBAD8245FEB9600C7EA5F /* ViewController.swift */ = {isa = PBXFileReference; lastKnownFileType = sourcecode.swift; path = ViewController.swift; sourceTree = "<group>"; };
		E79BBADB245FEB9600C7EA5F /* Base */ = {isa = PBXFileReference; lastKnownFileType = file.storyboard; name = Base; path = Base.lproj/Main.storyboard; sourceTree = "<group>"; };
		E79BBADD245FEB9C00C7EA5F /* Assets.xcassets */ = {isa = PBXFileReference; lastKnownFileType = folder.assetcatalog; path = Assets.xcassets; sourceTree = "<group>"; };
		E79BBAE0245FEB9C00C7EA5F /* Base */ = {isa = PBXFileReference; lastKnownFileType = file.storyboard; name = Base; path = Base.lproj/LaunchScreen.storyboard; sourceTree = "<group>"; };
		E79BBAE2245FEB9C00C7EA5F /* Info.plist */ = {isa = PBXFileReference; lastKnownFileType = text.plist.xml; path = Info.plist; sourceTree = "<group>"; };
		E79BBAE8245FEF4300C7EA5F /* InputViewController.swift */ = {isa = PBXFileReference; lastKnownFileType = sourcecode.swift; path = InputViewController.swift; sourceTree = "<group>"; };
		E79BBAEA2468208800C7EA5F /* Task.swift */ = {isa = PBXFileReference; lastKnownFileType = sourcecode.swift; name = Task.swift; path = taskapp/Task.swift; sourceTree = "<group>"; };
/* End PBXFileReference section */

/* Begin PBXFrameworksBuildPhase section */
		E79BBACE245FEB9600C7EA5F /* Frameworks */ = {
			isa = PBXFrameworksBuildPhase;
			buildActionMask = 2147483647;
			files = (
				FBFC931D6F7EFFD74548F2F6 /* Pods_taskapp.framework in Frameworks */,
			);
			runOnlyForDeploymentPostprocessing = 0;
		};
/* End PBXFrameworksBuildPhase section */

/* Begin PBXGroup section */
		4C5BE325CB2B7A3BF0B0E79C /* Pods */ = {
			isa = PBXGroup;
			children = (
				D4EE54A04A6F9A87DC0E2CEE /* Pods-taskapp.debug.xcconfig */,
				49EC252F7D0EA2AF4ED9B0A1 /* Pods-taskapp.release.xcconfig */,
			);
			path = Pods;
			sourceTree = "<group>";
		};
		9340F4E38E1D97F705254B80 /* Frameworks */ = {
			isa = PBXGroup;
			children = (
				CF51E431F14456EF5ACCFB79 /* Pods_taskapp.framework */,
			);
			name = Frameworks;
			sourceTree = "<group>";
		};
		E79BBAC8245FEB9600C7EA5F = {
			isa = PBXGroup;
			children = (
				E79BBAEA2468208800C7EA5F /* Task.swift */,
				E79BBAD3245FEB9600C7EA5F /* taskapp */,
				E79BBAD2245FEB9600C7EA5F /* Products */,
				4C5BE325CB2B7A3BF0B0E79C /* Pods */,
				9340F4E38E1D97F705254B80 /* Frameworks */,
			);
			sourceTree = "<group>";
		};
		E79BBAD2245FEB9600C7EA5F /* Products */ = {
			isa = PBXGroup;
			children = (
				E79BBAD1245FEB9600C7EA5F /* taskapp.app */,
			);
			name = Products;
			sourceTree = "<group>";
		};
		E79BBAD3245FEB9600C7EA5F /* taskapp */ = {
			isa = PBXGroup;
			children = (
				E79BBAD4245FEB9600C7EA5F /* AppDelegate.swift */,
				E79BBAD6245FEB9600C7EA5F /* SceneDelegate.swift */,
				E79BBAD8245FEB9600C7EA5F /* ViewController.swift */,
				E79BBAE8245FEF4300C7EA5F /* InputViewController.swift */,
				E79BBADA245FEB9600C7EA5F /* Main.storyboard */,
				E79BBADD245FEB9C00C7EA5F /* Assets.xcassets */,
				E79BBADF245FEB9C00C7EA5F /* LaunchScreen.storyboard */,
				E79BBAE2245FEB9C00C7EA5F /* Info.plist */,
			);
			path = taskapp;
			sourceTree = "<group>";
		};
/* End PBXGroup section */

/* Begin PBXNativeTarget section */
		E79BBAD0245FEB9600C7EA5F /* taskapp */ = {
			isa = PBXNativeTarget;
			buildConfigurationList = E79BBAE5245FEB9C00C7EA5F /* Build configuration list for PBXNativeTarget "taskapp" */;
			buildPhases = (
				B856E78904E9202A778B5B90 /* [CP] Check Pods Manifest.lock */,
				E79BBACD245FEB9600C7EA5F /* Sources */,
				E79BBACE245FEB9600C7EA5F /* Frameworks */,
				E79BBACF245FEB9600C7EA5F /* Resources */,
				5C6A6A41BD69837CBA00D97D /* [CP] Embed Pods Frameworks */,
			);
			buildRules = (
			);
			dependencies = (
			);
			name = taskapp;
			productName = taskapp;
			productReference = E79BBAD1245FEB9600C7EA5F /* taskapp.app */;
			productType = "com.apple.product-type.application";
		};
/* End PBXNativeTarget section */

/* Begin PBXProject section */
		E79BBAC9245FEB9600C7EA5F /* Project object */ = {
			isa = PBXProject;
			attributes = {
				LastSwiftUpdateCheck = 1110;
				LastUpgradeCheck = 1110;
				ORGANIZATIONNAME = "0002 QBS";
				TargetAttributes = {
					E79BBAD0245FEB9600C7EA5F = {
						CreatedOnToolsVersion = 11.1;
					};
				};
			};
			buildConfigurationList = E79BBACC245FEB9600C7EA5F /* Build configuration list for PBXProject "taskapp" */;
			compatibilityVersion = "Xcode 9.3";
			developmentRegion = en;
			hasScannedForEncodings = 0;
			knownRegions = (
				en,
				Base,
			);
			mainGroup = E79BBAC8245FEB9600C7EA5F;
			productRefGroup = E79BBAD2245FEB9600C7EA5F /* Products */;
			projectDirPath = "";
			projectRoot = "";
			targets = (
				E79BBAD0245FEB9600C7EA5F /* taskapp */,
			);
		};
/* End PBXProject section */

/* Begin PBXResourcesBuildPhase section */
		E79BBACF245FEB9600C7EA5F /* Resources */ = {
			isa = PBXResourcesBuildPhase;
			buildActionMask = 2147483647;
			files = (
				E79BBAE1245FEB9C00C7EA5F /* LaunchScreen.storyboard in Resources */,
				E79BBADE245FEB9C00C7EA5F /* Assets.xcassets in Resources */,
				E79BBADC245FEB9600C7EA5F /* Main.storyboard in Resources */,
			);
			runOnlyForDeploymentPostprocessing = 0;
		};
/* End PBXResourcesBuildPhase section */

/* Begin PBXShellScriptBuildPhase section */
		5C6A6A41BD69837CBA00D97D /* [CP] Embed Pods Frameworks */ = {
			isa = PBXShellScriptBuildPhase;
			buildActionMask = 2147483647;
			files = (
			);
			inputFileListPaths = (
				"${PODS_ROOT}/Target Support Files/Pods-taskapp/Pods-taskapp-frameworks-${CONFIGURATION}-input-files.xcfilelist",
			);
			name = "[CP] Embed Pods Frameworks";
			outputFileListPaths = (
				"${PODS_ROOT}/Target Support Files/Pods-taskapp/Pods-taskapp-frameworks-${CONFIGURATION}-output-files.xcfilelist",
			);
			runOnlyForDeploymentPostprocessing = 0;
			shellPath = /bin/sh;
			shellScript = "\"${PODS_ROOT}/Target Support Files/Pods-taskapp/Pods-taskapp-frameworks.sh\"\n";
			showEnvVarsInLog = 0;
		};
		B856E78904E9202A778B5B90 /* [CP] Check Pods Manifest.lock */ = {
			isa = PBXShellScriptBuildPhase;
			buildActionMask = 2147483647;
			files = (
			);
			inputFileListPaths = (
			);
			inputPaths = (
				"${PODS_PODFILE_DIR_PATH}/Podfile.lock",
				"${PODS_ROOT}/Manifest.lock",
			);
			name = "[CP] Check Pods Manifest.lock";
			outputFileListPaths = (
			);
			outputPaths = (
				"$(DERIVED_FILE_DIR)/Pods-taskapp-checkManifestLockResult.txt",
			);
			runOnlyForDeploymentPostprocessing = 0;
			shellPath = /bin/sh;
			shellScript = "diff \"${PODS_PODFILE_DIR_PATH}/Podfile.lock\" \"${PODS_ROOT}/Manifest.lock\" > /dev/null\nif [ $? != 0 ] ; then\n    # print error to STDERR\n    echo \"error: The sandbox is not in sync with the Podfile.lock. Run 'pod install' or update your CocoaPods installation.\" >&2\n    exit 1\nfi\n# This output is used by Xcode 'outputs' to avoid re-running this script phase.\necho \"SUCCESS\" > \"${SCRIPT_OUTPUT_FILE_0}\"\n";
			showEnvVarsInLog = 0;
		};
/* End PBXShellScriptBuildPhase section */

/* Begin PBXSourcesBuildPhase section */
		E79BBACD245FEB9600C7EA5F /* Sources */ = {
			isa = PBXSourcesBuildPhase;
			buildActionMask = 2147483647;
			files = (
				E79BBAD9245FEB9600C7EA5F /* ViewController.swift in Sources */,
				E79BBAD5245FEB9600C7EA5F /* AppDelegate.swift in Sources */,
				E79BBAEB2468208800C7EA5F /* Task.swift in Sources */,
				E79BBAD7245FEB9600C7EA5F /* SceneDelegate.swift in Sources */,
				E79BBAE9245FEF4300C7EA5F /* InputViewController.swift in Sources */,
			);
			runOnlyForDeploymentPostprocessing = 0;
		};
/* End PBXSourcesBuildPhase section */

/* Begin PBXVariantGroup section */
		E79BBADA245FEB9600C7EA5F /* Main.storyboard */ = {
			isa = PBXVariantGroup;
			children = (
				E79BBADB245FEB9600C7EA5F /* Base */,
			);
			name = Main.storyboard;
			sourceTree = "<group>";
		};
		E79BBADF245FEB9C00C7EA5F /* LaunchScreen.storyboard */ = {
			isa = PBXVariantGroup;
			children = (
				E79BBAE0245FEB9C00C7EA5F /* Base */,
			);
			name = LaunchScreen.storyboard;
			sourceTree = "<group>";
		};
/* End PBXVariantGroup section */

/* Begin XCBuildConfiguration section */
		E79BBAE3245FEB9C00C7EA5F /* Debug */ = {
			isa = XCBuildConfiguration;
			buildSettings = {
				ALWAYS_SEARCH_USER_PATHS = NO;
				CLANG_ANALYZER_NONNULL = YES;
				CLANG_ANALYZER_NUMBER_OBJECT_CONVERSION = YES_AGGRESSIVE;
				CLANG_CXX_LANGUAGE_STANDARD = "gnu++14";
				CLANG_CXX_LIBRARY = "libc++";
				CLANG_ENABLE_MODULES = YES;
				CLANG_ENABLE_OBJC_ARC = YES;
				CLANG_ENABLE_OBJC_WEAK = YES;
				CLANG_WARN_BLOCK_CAPTURE_AUTORELEASING = YES;
				CLANG_WARN_BOOL_CONVERSION = YES;
				CLANG_WARN_COMMA = YES;
				CLANG_WARN_CONSTANT_CONVERSION = YES;
				CLANG_WARN_DEPRECATED_OBJC_IMPLEMENTATIONS = YES;
				CLANG_WARN_DIRECT_OBJC_ISA_USAGE = YES_ERROR;
				CLANG_WARN_DOCUMENTATION_COMMENTS = YES;
				CLANG_WARN_EMPTY_BODY = YES;
				CLANG_WARN_ENUM_CONVERSION = YES;
				CLANG_WARN_INFINITE_RECURSION = YES;
				CLANG_WARN_INT_CONVERSION = YES;
				CLANG_WARN_NON_LITERAL_NULL_CONVERSION = YES;
				CLANG_WARN_OBJC_IMPLICIT_RETAIN_SELF = YES;
				CLANG_WARN_OBJC_LITERAL_CONVERSION = YES;
				CLANG_WARN_OBJC_ROOT_CLASS = YES_ERROR;
				CLANG_WARN_RANGE_LOOP_ANALYSIS = YES;
				CLANG_WARN_STRICT_PROTOTYPES = YES;
				CLANG_WARN_SUSPICIOUS_MOVE = YES;
				CLANG_WARN_UNGUARDED_AVAILABILITY = YES_AGGRESSIVE;
				CLANG_WARN_UNREACHABLE_CODE = YES;
				CLANG_WARN__DUPLICATE_METHOD_MATCH = YES;
				COPY_PHASE_STRIP = NO;
				DEBUG_INFORMATION_FORMAT = dwarf;
				ENABLE_STRICT_OBJC_MSGSEND = YES;
				ENABLE_TESTABILITY = YES;
				GCC_C_LANGUAGE_STANDARD = gnu11;
				GCC_DYNAMIC_NO_PIC = NO;
				GCC_NO_COMMON_BLOCKS = YES;
				GCC_OPTIMIZATION_LEVEL = 0;
				GCC_PREPROCESSOR_DEFINITIONS = (
					"DEBUG=1",
					"$(inherited)",
				);
				GCC_WARN_64_TO_32_BIT_CONVERSION = YES;
				GCC_WARN_ABOUT_RETURN_TYPE = YES_ERROR;
				GCC_WARN_UNDECLARED_SELECTOR = YES;
				GCC_WARN_UNINITIALIZED_AUTOS = YES_AGGRESSIVE;
				GCC_WARN_UNUSED_FUNCTION = YES;
				GCC_WARN_UNUSED_VARIABLE = YES;
				IPHONEOS_DEPLOYMENT_TARGET = 13.1;
				MTL_ENABLE_DEBUG_INFO = INCLUDE_SOURCE;
				MTL_FAST_MATH = YES;
				ONLY_ACTIVE_ARCH = YES;
				SDKROOT = iphoneos;
				SWIFT_ACTIVE_COMPILATION_CONDITIONS = DEBUG;
				SWIFT_OPTIMIZATION_LEVEL = "-Onone";
			};
			name = Debug;
		};
		E79BBAE4245FEB9C00C7EA5F /* Release */ = {
			isa = XCBuildConfiguration;
			buildSettings = {
				ALWAYS_SEARCH_USER_PATHS = NO;
				CLANG_ANALYZER_NONNULL = YES;
				CLANG_ANALYZER_NUMBER_OBJECT_CONVERSION = YES_AGGRESSIVE;
				CLANG_CXX_LANGUAGE_STANDARD = "gnu++14";
				CLANG_CXX_LIBRARY = "libc++";
				CLANG_ENABLE_MODULES = YES;
				CLANG_ENABLE_OBJC_ARC = YES;
				CLANG_ENABLE_OBJC_WEAK = YES;
				CLANG_WARN_BLOCK_CAPTURE_AUTORELEASING = YES;
				CLANG_WARN_BOOL_CONVERSION = YES;
				CLANG_WARN_COMMA = YES;
				CLANG_WARN_CONSTANT_CONVERSION = YES;
				CLANG_WARN_DEPRECATED_OBJC_IMPLEMENTATIONS = YES;
				CLANG_WARN_DIRECT_OBJC_ISA_USAGE = YES_ERROR;
				CLANG_WARN_DOCUMENTATION_COMMENTS = YES;
				CLANG_WARN_EMPTY_BODY = YES;
				CLANG_WARN_ENUM_CONVERSION = YES;
				CLANG_WARN_INFINITE_RECURSION = YES;
				CLANG_WARN_INT_CONVERSION = YES;
				CLANG_WARN_NON_LITERAL_NULL_CONVERSION = YES;
				CLANG_WARN_OBJC_IMPLICIT_RETAIN_SELF = YES;
				CLANG_WARN_OBJC_LITERAL_CONVERSION = YES;
				CLANG_WARN_OBJC_ROOT_CLASS = YES_ERROR;
				CLANG_WARN_RANGE_LOOP_ANALYSIS = YES;
				CLANG_WARN_STRICT_PROTOTYPES = YES;
				CLANG_WARN_SUSPICIOUS_MOVE = YES;
				CLANG_WARN_UNGUARDED_AVAILABILITY = YES_AGGRESSIVE;
				CLANG_WARN_UNREACHABLE_CODE = YES;
				CLANG_WARN__DUPLICATE_METHOD_MATCH = YES;
				COPY_PHASE_STRIP = NO;
				DEBUG_INFORMATION_FORMAT = "dwarf-with-dsym";
				ENABLE_NS_ASSERTIONS = NO;
				ENABLE_STRICT_OBJC_MSGSEND = YES;
				GCC_C_LANGUAGE_STANDARD = gnu11;
				GCC_NO_COMMON_BLOCKS = YES;
				GCC_WARN_64_TO_32_BIT_CONVERSION = YES;
				GCC_WARN_ABOUT_RETURN_TYPE = YES_ERROR;
				GCC_WARN_UNDECLARED_SELECTOR = YES;
				GCC_WARN_UNINITIALIZED_AUTOS = YES_AGGRESSIVE;
				GCC_WARN_UNUSED_FUNCTION = YES;
				GCC_WARN_UNUSED_VARIABLE = YES;
				IPHONEOS_DEPLOYMENT_TARGET = 13.1;
				MTL_ENABLE_DEBUG_INFO = NO;
				MTL_FAST_MATH = YES;
				SDKROOT = iphoneos;
				SWIFT_COMPILATION_MODE = wholemodule;
				SWIFT_OPTIMIZATION_LEVEL = "-O";
				VALIDATE_PRODUCT = YES;
			};
			name = Release;
		};
		E79BBAE6245FEB9C00C7EA5F /* Debug */ = {
			isa = XCBuildConfiguration;
			baseConfigurationReference = D4EE54A04A6F9A87DC0E2CEE /* Pods-taskapp.debug.xcconfig */;
			buildSettings = {
				ASSETCATALOG_COMPILER_APPICON_NAME = AppIcon;
				CODE_SIGN_STYLE = Automatic;
				INFOPLIST_FILE = taskapp/Info.plist;
				LD_RUNPATH_SEARCH_PATHS = (
					"$(inherited)",
					"@executable_path/Frameworks",
				);
				PRODUCT_BUNDLE_IDENTIFIER = jp.techacademy.kenta.yamamoto.taskapp;
				PRODUCT_NAME = "$(TARGET_NAME)";
				SWIFT_VERSION = 5.0;
				TARGETED_DEVICE_FAMILY = 1;
			};
			name = Debug;
		};
		E79BBAE7245FEB9C00C7EA5F /* Release */ = {
			isa = XCBuildConfiguration;
			baseConfigurationReference = 49EC252F7D0EA2AF4ED9B0A1 /* Pods-taskapp.release.xcconfig */;
			buildSettings = {
				ASSETCATALOG_COMPILER_APPICON_NAME = AppIcon;
				CODE_SIGN_STYLE = Automatic;
				INFOPLIST_FILE = taskapp/Info.plist;
				LD_RUNPATH_SEARCH_PATHS = (
					"$(inherited)",
					"@executable_path/Frameworks",
				);
				PRODUCT_BUNDLE_IDENTIFIER = jp.techacademy.kenta.yamamoto.taskapp;
				PRODUCT_NAME = "$(TARGET_NAME)";
				SWIFT_VERSION = 5.0;
				TARGETED_DEVICE_FAMILY = 1;
			};
			name = Release;
		};
/* End XCBuildConfiguration section */

/* Begin XCConfigurationList section */
		E79BBACC245FEB9600C7EA5F /* Build configuration list for PBXProject "taskapp" */ = {
			isa = XCConfigurationList;
			buildConfigurations = (
				E79BBAE3245FEB9C00C7EA5F /* Debug */,
				E79BBAE4245FEB9C00C7EA5F /* Release */,
			);
			defaultConfigurationIsVisible = 0;
			defaultConfigurationName = Release;
		};
		E79BBAE5245FEB9C00C7EA5F /* Build configuration list for PBXNativeTarget "taskapp" */ = {
			isa = XCConfigurationList;
			buildConfigurations = (
				E79BBAE6245FEB9C00C7EA5F /* Debug */,
				E79BBAE7245FEB9C00C7EA5F /* Release */,
			);
			defaultConfigurationIsVisible = 0;
			defaultConfigurationName = Release;
		};
/* End XCConfigurationList section */
	};
	rootObject = E79BBAC9245FEB9600C7EA5F /* Project object */;
}
